
Microsoft Visual Studio Solution File, Format Version 12.00
# Visual Studio Version 17
VisualStudioVersion = 17.14.36127.28
MinimumVisualStudioVersion = 10.0.40219.1
Project("{FAE04EC0-301F-11D3-BF4B-00C04F79EFBC}") = "BlazorApp20", "BlazorApp20.csproj", "{F109EE23-72FA-4C99-ACAE-D6E8B70FCE7F}"
EndProject
Project("{FAE04EC0-301F-11D3-BF4B-00C04F79EFBC}") = "BlazorApp20.Api", "..\BlazorApp20.Api\BlazorApp20.Api.csproj", "{21132916-F554-4105-9E8D-6B83C4299FB2}"
EndProject
Global
	GlobalSection(SolutionConfigurationPlatforms) = preSolution
		Debug|Any CPU = Debug|Any CPU
		Release|Any CPU = Release|Any CPU
	EndGlobalSection
	GlobalSection(ProjectConfigurationPlatforms) = postSolution
		{F109EE23-72FA-4C99-ACAE-D6E8B70FCE7F}.Debug|Any CPU.ActiveCfg = Debug|Any CPU
		{F109EE23-72FA-4C99-ACAE-D6E8B70FCE7F}.Debug|Any CPU.Build.0 = Debug|Any CPU
		{F109EE23-72FA-4C99-ACAE-D6E8B70FCE7F}.Release|Any CPU.ActiveCfg = Release|Any CPU
		{F109EE23-72FA-4C99-ACAE-D6E8B70FCE7F}.Release|Any CPU.Build.0 = Release|Any CPU
		{21132916-F554-4105-9E8D-6B83C4299FB2}.Debug|Any CPU.ActiveCfg = Debug|Any CPU
		{21132916-F554-4105-9E8D-6B83C4299FB2}.Debug|Any CPU.Build.0 = Debug|Any CPU
		{21132916-F554-4105-9E8D-6B83C4299FB2}.Release|Any CPU.ActiveCfg = Release|Any CPU
		{21132916-F554-4105-9E8D-6B83C4299FB2}.Release|Any CPU.Build.0 = Release|Any CPU
	EndGlobalSection
	GlobalSection(SolutionProperties) = preSolution
		HideSolutionNode = FALSE
	EndGlobalSection
	GlobalSection(ExtensibilityGlobals) = postSolution
		SolutionGuid = {046B388E-0221-4854-8E55-4E272D7B92E9}
	EndGlobalSection
EndGlobal
